
Microsoft Visual Studio Solution File, Format Version 12.00
# Visual Studio Version 16
VisualStudioVersion = 16.0.30523.141
MinimumVisualStudioVersion = 10.0.40219.1
Project("{2150E333-8FDC-42A3-9474-1A3956D46DE8}") = "Solution Items", "Solution Items", "{58C23046-4607-4833-AE2F-4354F3C7376B}"
	ProjectSection(SolutionItems) = preProject
		License.md = License.md
		readme.md = readme.md
	EndProjectSection
EndProject
Project("{FAE04EC0-301F-11D3-BF4B-00C04F79EFBC}") = "Noria", "Noria\Noria.csproj", "{6F88B0B7-1A90-4BFC-9040-BD07FD3D7DEA}"
EndProject
Global
	GlobalSection(SolutionConfigurationPlatforms) = preSolution
		Debug|Any CPU = Debug|Any CPU
		Release|Any CPU = Release|Any CPU
	EndGlobalSection
	GlobalSection(ProjectConfigurationPlatforms) = postSolution
		{6F88B0B7-1A90-4BFC-9040-BD07FD3D7DEA}.Debug|Any CPU.ActiveCfg = Debug|Any CPU
		{6F88B0B7-1A90-4BFC-9040-BD07FD3D7DEA}.Debug|Any CPU.Build.0 = Debug|Any CPU
		{6F88B0B7-1A90-4BFC-9040-BD07FD3D7DEA}.Release|Any CPU.ActiveCfg = Release|Any CPU
		{6F88B0B7-1A90-4BFC-9040-BD07FD3D7DEA}.Release|Any CPU.Build.0 = Release|Any CPU
	EndGlobalSection
	GlobalSection(SolutionProperties) = preSolution
		HideSolutionNode = FALSE
	EndGlobalSection
	GlobalSection(NestedProjects) = preSolution
		{6F88B0B7-1A90-4BFC-9040-BD07FD3D7DEA} = {58C23046-4607-4833-AE2F-4354F3C7376B}
	EndGlobalSection
	GlobalSection(ExtensibilityGlobals) = postSolution
		SolutionGuid = {148AC879-C334-4C01-B46D-887686C5AF61}
	EndGlobalSection
EndGlobal
